// !$*UTF8*$!
{
	archiveVersion = 1;
	classes = {
	};
	objectVersion = 56;
	objects = {

/* Begin PBXBuildFile section */
		FC0E31AA2C467FB4004EB339 /* AddReviewView.swift in Sources */ = {isa = PBXBuildFile; fileRef = FC0E31A92C467FB4004EB339 /* AddReviewView.swift */; };
		FC0E31AE2C46877D004EB339 /* HomeView.swift in Sources */ = {isa = PBXBuildFile; fileRef = FC0E31AD2C46877D004EB339 /* HomeView.swift */; };
		FC0E31B42C46879B004EB339 /* ProfileView.swift in Sources */ = {isa = PBXBuildFile; fileRef = FC0E31B32C46879B004EB339 /* ProfileView.swift */; };
		FC0E31BA2C46DCFB004EB339 /* MainView.swift in Sources */ = {isa = PBXBuildFile; fileRef = FC0E31B92C46DCFB004EB339 /* MainView.swift */; };
		FC0E31BD2C46DE24004EB339 /* GameCard.swift in Sources */ = {isa = PBXBuildFile; fileRef = FC0E31BC2C46DE24004EB339 /* GameCard.swift */; };
		FC0E31BF2C46DE59004EB339 /* PageButton.swift in Sources */ = {isa = PBXBuildFile; fileRef = FC0E31BE2C46DE59004EB339 /* PageButton.swift */; };
		FC0E31C12C46DEAA004EB339 /* GamesCarousel.swift in Sources */ = {isa = PBXBuildFile; fileRef = FC0E31C02C46DEAA004EB339 /* GamesCarousel.swift */; };
		FC0E31C32C46E005004EB339 /* GameListView.swift in Sources */ = {isa = PBXBuildFile; fileRef = FC0E31C22C46E005004EB339 /* GameListView.swift */; };
		FC0E31C52C46E063004EB339 /* GameCover.swift in Sources */ = {isa = PBXBuildFile; fileRef = FC0E31C42C46E063004EB339 /* GameCover.swift */; };
		FC0E31C92C46F010004EB339 /* GameDetailsCard.swift in Sources */ = {isa = PBXBuildFile; fileRef = FC0E31C82C46F010004EB339 /* GameDetailsCard.swift */; };
		FC0E31CB2C46F09F004EB339 /* GameAboutView.swift in Sources */ = {isa = PBXBuildFile; fileRef = FC0E31CA2C46F09F004EB339 /* GameAboutView.swift */; };
		FC0E31CD2C46F0D0004EB339 /* ReviewCell.swift in Sources */ = {isa = PBXBuildFile; fileRef = FC0E31CC2C46F0D0004EB339 /* ReviewCell.swift */; };
		FC0E31CF2C46F1C6004EB339 /* ModelViews.swift in Sources */ = {isa = PBXBuildFile; fileRef = FC0E31CE2C46F1C6004EB339 /* ModelViews.swift */; };
		FC14731E2C5110CC00B1BE27 /* SearchView.swift in Sources */ = {isa = PBXBuildFile; fileRef = FC14731D2C5110CC00B1BE27 /* SearchView.swift */; };
		FC1473202C5183C100B1BE27 /* ScoreModel.swift in Sources */ = {isa = PBXBuildFile; fileRef = FC14731F2C5183C100B1BE27 /* ScoreModel.swift */; };
		FC22BA602C2590EF002DFAA4 /* ArcadeAppApp.swift in Sources */ = {isa = PBXBuildFile; fileRef = FC22BA5F2C2590EF002DFAA4 /* ArcadeAppApp.swift */; };
		FC22BA622C2590EF002DFAA4 /* ContentView.swift in Sources */ = {isa = PBXBuildFile; fileRef = FC22BA612C2590EF002DFAA4 /* ContentView.swift */; };
		FC22BA642C2590F0002DFAA4 /* Assets.xcassets in Resources */ = {isa = PBXBuildFile; fileRef = FC22BA632C2590F0002DFAA4 /* Assets.xcassets */; };
		FC22BA672C2590F0002DFAA4 /* Preview Assets.xcassets in Resources */ = {isa = PBXBuildFile; fileRef = FC22BA662C2590F0002DFAA4 /* Preview Assets.xcassets */; };
		FC22BA712C2590F0002DFAA4 /* ArcadeAppTests.swift in Sources */ = {isa = PBXBuildFile; fileRef = FC22BA702C2590F0002DFAA4 /* ArcadeAppTests.swift */; };
		FC22BA7B2C2590F0002DFAA4 /* ArcadeAppUITests.swift in Sources */ = {isa = PBXBuildFile; fileRef = FC22BA7A2C2590F0002DFAA4 /* ArcadeAppUITests.swift */; };
		FC22BA7D2C2590F0002DFAA4 /* ArcadeAppUITestsLaunchTests.swift in Sources */ = {isa = PBXBuildFile; fileRef = FC22BA7C2C2590F0002DFAA4 /* ArcadeAppUITestsLaunchTests.swift */; };
		FC22BA8D2C259255002DFAA4 /* UserModel.swift in Sources */ = {isa = PBXBuildFile; fileRef = FC22BA8C2C259255002DFAA4 /* UserModel.swift */; };
		FC22BA952C2593E8002DFAA4 /* URL.swift in Sources */ = {isa = PBXBuildFile; fileRef = FC22BA942C2593E8002DFAA4 /* URL.swift */; };
		FC22BAA02C2595FF002DFAA4 /* UserVM.swift in Sources */ = {isa = PBXBuildFile; fileRef = FC22BA9F2C2595FF002DFAA4 /* UserVM.swift */; };
		FC22BAB02C25EEF5002DFAA4 /* SecKeyStore.swift in Sources */ = {isa = PBXBuildFile; fileRef = FC22BAAF2C25EEF5002DFAA4 /* SecKeyStore.swift */; };
		FC22BAB22C25EF01002DFAA4 /* SecManager.swift in Sources */ = {isa = PBXBuildFile; fileRef = FC22BAB12C25EF01002DFAA4 /* SecManager.swift */; };
		FC2FD07F2C43C27D0054CD43 /* ConsoleButtonStyle.swift in Sources */ = {isa = PBXBuildFile; fileRef = FC2FD07E2C43C27D0054CD43 /* ConsoleButtonStyle.swift */; };
		FC2FD0872C43E3C60054CD43 /* MainTabView.swift in Sources */ = {isa = PBXBuildFile; fileRef = FC2FD0862C43E3C60054CD43 /* MainTabView.swift */; };
		FC2FD0892C43E3DD0054CD43 /* LoginView.swift in Sources */ = {isa = PBXBuildFile; fileRef = FC2FD0882C43E3DD0054CD43 /* LoginView.swift */; };
		FC2FD08D2C43E4010054CD43 /* SignupView.swift in Sources */ = {isa = PBXBuildFile; fileRef = FC2FD08C2C43E4010054CD43 /* SignupView.swift */; };
		FC2FD08F2C4403F50054CD43 /* EnumsModel.swift in Sources */ = {isa = PBXBuildFile; fileRef = FC2FD08E2C4403F50054CD43 /* EnumsModel.swift */; };
		FC2FD0912C4427530054CD43 /* CustomTextField.swift in Sources */ = {isa = PBXBuildFile; fileRef = FC2FD0902C4427530054CD43 /* CustomTextField.swift */; };
		FC2FD0932C4427640054CD43 /* CustomButton.swift in Sources */ = {isa = PBXBuildFile; fileRef = FC2FD0922C4427640054CD43 /* CustomButton.swift */; };
		FC2FD0952C4438F80054CD43 /* GameDetailsView.swift in Sources */ = {isa = PBXBuildFile; fileRef = FC2FD0942C4438F80054CD43 /* GameDetailsView.swift */; };
		FC35A2392C3EE1500075E7B4 /* AddScoreVM.swift in Sources */ = {isa = PBXBuildFile; fileRef = FC35A2382C3EE1500075E7B4 /* AddScoreVM.swift */; };
		FC54459E2C3801F5001B26EF /* AddReviewVM.swift in Sources */ = {isa = PBXBuildFile; fileRef = FC54459D2C3801F5001B26EF /* AddReviewVM.swift */; };
		FC6F73E42C563E8E00E34AF3 /* ShimmerEffect.swift in Sources */ = {isa = PBXBuildFile; fileRef = FC6F73E32C563E8E00E34AF3 /* ShimmerEffect.swift */; };
		FC6F73E82C564C2900E34AF3 /* FontStyles.swift in Sources */ = {isa = PBXBuildFile; fileRef = FC6F73E72C564C2900E34AF3 /* FontStyles.swift */; };
		FC6F73EA2C5650AA00E34AF3 /* VT323.ttf in Resources */ = {isa = PBXBuildFile; fileRef = FC6F73E92C5650AA00E34AF3 /* VT323.ttf */; };
		FC7A37032C4525E7004F6910 /* RatingComponent.swift in Sources */ = {isa = PBXBuildFile; fileRef = FC7A37022C4525E7004F6910 /* RatingComponent.swift */; };
		FC8438F82C4D0F7A00434179 /* EnumTag.swift in Sources */ = {isa = PBXBuildFile; fileRef = FC8438F72C4D0F7A00434179 /* EnumTag.swift */; };
		FC8438FA2C4D219F00434179 /* AddScoreView.swift in Sources */ = {isa = PBXBuildFile; fileRef = FC8438F92C4D219F00434179 /* AddScoreView.swift */; };
		FCA519122C36B9CE001CCF54 /* ACNetwork in Frameworks */ = {isa = PBXBuildFile; productRef = FCA519112C36B9CE001CCF54 /* ACNetwork */; };
		FCA519152C36C18D001CCF54 /* Namespace.swift in Sources */ = {isa = PBXBuildFile; fileRef = FCA519142C36C18D001CCF54 /* Namespace.swift */; };
		FCA519172C36C191001CCF54 /* UIDevice.swift in Sources */ = {isa = PBXBuildFile; fileRef = FCA519162C36C191001CCF54 /* UIDevice.swift */; };
		FCA5191B2C36FDE5001CCF54 /* GameDetailsVM.swift in Sources */ = {isa = PBXBuildFile; fileRef = FCA5191A2C36FDE5001CCF54 /* GameDetailsVM.swift */; };
		FCA5191D2C3729EE001CCF54 /* ReviewModel.swift in Sources */ = {isa = PBXBuildFile; fileRef = FCA5191C2C3729EE001CCF54 /* ReviewModel.swift */; };
		FCC036032C480B6400DDBC90 /* GameScoresView.swift in Sources */ = {isa = PBXBuildFile; fileRef = FCC036022C480B6400DDBC90 /* GameScoresView.swift */; };
		FCC046692C52B4D1003FAC6A /* ScoreCell.swift in Sources */ = {isa = PBXBuildFile; fileRef = FCC046682C52B4D1003FAC6A /* ScoreCell.swift */; };
		FCC724572C523C5D008C3BC1 /* CameraPicker.swift in Sources */ = {isa = PBXBuildFile; fileRef = FCC724562C523C5D008C3BC1 /* CameraPicker.swift */; };
		FCC7245A2C525CA8008C3BC1 /* ScoreImage.swift in Sources */ = {isa = PBXBuildFile; fileRef = FCC724592C525CA8008C3BC1 /* ScoreImage.swift */; };
		FCC7245C2C525EF1008C3BC1 /* UIImage.swift in Sources */ = {isa = PBXBuildFile; fileRef = FCC7245B2C525EF1008C3BC1 /* UIImage.swift */; };
		FCCD73702C2D88990056036E /* Network.swift in Sources */ = {isa = PBXBuildFile; fileRef = FCCD736F2C2D88990056036E /* Network.swift */; };
		FCCD73762C2D8E520056036E /* GameModel.swift in Sources */ = {isa = PBXBuildFile; fileRef = FCCD73752C2D8E520056036E /* GameModel.swift */; };
		FCCD73782C2DDA680056036E /* games.json in Resources */ = {isa = PBXBuildFile; fileRef = FCCD73772C2DDA680056036E /* games.json */; };
		FCCE05602C2B33F600B0D2CD /* SearchVM.swift in Sources */ = {isa = PBXBuildFile; fileRef = FCCE055F2C2B33F500B0D2CD /* SearchVM.swift */; };
		FCCE05632C2B36ED00B0D2CD /* DataPreview.swift in Sources */ = {isa = PBXBuildFile; fileRef = FCCE05622C2B36ED00B0D2CD /* DataPreview.swift */; };
		FCED20E62C2F1C8900C0C5A1 /* GamesVM.swift in Sources */ = {isa = PBXBuildFile; fileRef = FCED20E52C2F1C8900C0C5A1 /* GamesVM.swift */; };
/* End PBXBuildFile section */

/* Begin PBXContainerItemProxy section */
		FC22BA6D2C2590F0002DFAA4 /* PBXContainerItemProxy */ = {
			isa = PBXContainerItemProxy;
			containerPortal = FC22BA542C2590EF002DFAA4 /* Project object */;
			proxyType = 1;
			remoteGlobalIDString = FC22BA5B2C2590EF002DFAA4;
			remoteInfo = ArcadeApp;
		};
		FC22BA772C2590F0002DFAA4 /* PBXContainerItemProxy */ = {
			isa = PBXContainerItemProxy;
			containerPortal = FC22BA542C2590EF002DFAA4 /* Project object */;
			proxyType = 1;
			remoteGlobalIDString = FC22BA5B2C2590EF002DFAA4;
			remoteInfo = ArcadeApp;
		};
/* End PBXContainerItemProxy section */

/* Begin PBXFileReference section */
		FC0E31A92C467FB4004EB339 /* AddReviewView.swift */ = {isa = PBXFileReference; fileEncoding = 4; lastKnownFileType = sourcecode.swift; path = AddReviewView.swift; sourceTree = "<group>"; };
		FC0E31AD2C46877D004EB339 /* HomeView.swift */ = {isa = PBXFileReference; fileEncoding = 4; lastKnownFileType = sourcecode.swift; path = HomeView.swift; sourceTree = "<group>"; };
		FC0E31B32C46879B004EB339 /* ProfileView.swift */ = {isa = PBXFileReference; fileEncoding = 4; lastKnownFileType = sourcecode.swift; path = ProfileView.swift; sourceTree = "<group>"; };
		FC0E31B92C46DCFB004EB339 /* MainView.swift */ = {isa = PBXFileReference; fileEncoding = 4; lastKnownFileType = sourcecode.swift; path = MainView.swift; sourceTree = "<group>"; };
		FC0E31BC2C46DE24004EB339 /* GameCard.swift */ = {isa = PBXFileReference; lastKnownFileType = sourcecode.swift; path = GameCard.swift; sourceTree = "<group>"; };
		FC0E31BE2C46DE59004EB339 /* PageButton.swift */ = {isa = PBXFileReference; lastKnownFileType = sourcecode.swift; path = PageButton.swift; sourceTree = "<group>"; };
		FC0E31C02C46DEAA004EB339 /* GamesCarousel.swift */ = {isa = PBXFileReference; lastKnownFileType = sourcecode.swift; path = GamesCarousel.swift; sourceTree = "<group>"; };
		FC0E31C22C46E005004EB339 /* GameListView.swift */ = {isa = PBXFileReference; lastKnownFileType = sourcecode.swift; path = GameListView.swift; sourceTree = "<group>"; };
		FC0E31C42C46E063004EB339 /* GameCover.swift */ = {isa = PBXFileReference; lastKnownFileType = sourcecode.swift; path = GameCover.swift; sourceTree = "<group>"; };
		FC0E31C82C46F010004EB339 /* GameDetailsCard.swift */ = {isa = PBXFileReference; lastKnownFileType = sourcecode.swift; path = GameDetailsCard.swift; sourceTree = "<group>"; };
		FC0E31CA2C46F09F004EB339 /* GameAboutView.swift */ = {isa = PBXFileReference; lastKnownFileType = sourcecode.swift; path = GameAboutView.swift; sourceTree = "<group>"; };
		FC0E31CC2C46F0D0004EB339 /* ReviewCell.swift */ = {isa = PBXFileReference; lastKnownFileType = sourcecode.swift; path = ReviewCell.swift; sourceTree = "<group>"; };
		FC0E31CE2C46F1C6004EB339 /* ModelViews.swift */ = {isa = PBXFileReference; lastKnownFileType = sourcecode.swift; path = ModelViews.swift; sourceTree = "<group>"; };
		FC14731D2C5110CC00B1BE27 /* SearchView.swift */ = {isa = PBXFileReference; lastKnownFileType = sourcecode.swift; path = SearchView.swift; sourceTree = "<group>"; };
		FC14731F2C5183C100B1BE27 /* ScoreModel.swift */ = {isa = PBXFileReference; lastKnownFileType = sourcecode.swift; path = ScoreModel.swift; sourceTree = "<group>"; };
		FC22BA5C2C2590EF002DFAA4 /* ArcadeApp.app */ = {isa = PBXFileReference; explicitFileType = wrapper.application; includeInIndex = 0; path = ArcadeApp.app; sourceTree = BUILT_PRODUCTS_DIR; };
		FC22BA5F2C2590EF002DFAA4 /* ArcadeAppApp.swift */ = {isa = PBXFileReference; lastKnownFileType = sourcecode.swift; path = ArcadeAppApp.swift; sourceTree = "<group>"; };
		FC22BA612C2590EF002DFAA4 /* ContentView.swift */ = {isa = PBXFileReference; lastKnownFileType = sourcecode.swift; path = ContentView.swift; sourceTree = "<group>"; };
		FC22BA632C2590F0002DFAA4 /* Assets.xcassets */ = {isa = PBXFileReference; lastKnownFileType = folder.assetcatalog; path = Assets.xcassets; sourceTree = "<group>"; };
		FC22BA662C2590F0002DFAA4 /* Preview Assets.xcassets */ = {isa = PBXFileReference; lastKnownFileType = folder.assetcatalog; path = "Preview Assets.xcassets"; sourceTree = "<group>"; };
		FC22BA6C2C2590F0002DFAA4 /* ArcadeAppTests.xctest */ = {isa = PBXFileReference; explicitFileType = wrapper.cfbundle; includeInIndex = 0; path = ArcadeAppTests.xctest; sourceTree = BUILT_PRODUCTS_DIR; };
		FC22BA702C2590F0002DFAA4 /* ArcadeAppTests.swift */ = {isa = PBXFileReference; lastKnownFileType = sourcecode.swift; path = ArcadeAppTests.swift; sourceTree = "<group>"; };
		FC22BA762C2590F0002DFAA4 /* ArcadeAppUITests.xctest */ = {isa = PBXFileReference; explicitFileType = wrapper.cfbundle; includeInIndex = 0; path = ArcadeAppUITests.xctest; sourceTree = BUILT_PRODUCTS_DIR; };
		FC22BA7A2C2590F0002DFAA4 /* ArcadeAppUITests.swift */ = {isa = PBXFileReference; lastKnownFileType = sourcecode.swift; path = ArcadeAppUITests.swift; sourceTree = "<group>"; };
		FC22BA7C2C2590F0002DFAA4 /* ArcadeAppUITestsLaunchTests.swift */ = {isa = PBXFileReference; lastKnownFileType = sourcecode.swift; path = ArcadeAppUITestsLaunchTests.swift; sourceTree = "<group>"; };
		FC22BA8C2C259255002DFAA4 /* UserModel.swift */ = {isa = PBXFileReference; lastKnownFileType = sourcecode.swift; path = UserModel.swift; sourceTree = "<group>"; };
		FC22BA942C2593E8002DFAA4 /* URL.swift */ = {isa = PBXFileReference; lastKnownFileType = sourcecode.swift; path = URL.swift; sourceTree = "<group>"; };
		FC22BA9F2C2595FF002DFAA4 /* UserVM.swift */ = {isa = PBXFileReference; lastKnownFileType = sourcecode.swift; path = UserVM.swift; sourceTree = "<group>"; };
		FC22BAAF2C25EEF5002DFAA4 /* SecKeyStore.swift */ = {isa = PBXFileReference; fileEncoding = 4; lastKnownFileType = sourcecode.swift; path = SecKeyStore.swift; sourceTree = "<group>"; };
		FC22BAB12C25EF01002DFAA4 /* SecManager.swift */ = {isa = PBXFileReference; fileEncoding = 4; lastKnownFileType = sourcecode.swift; path = SecManager.swift; sourceTree = "<group>"; };
		FC22BAB32C25F266002DFAA4 /* Info.plist */ = {isa = PBXFileReference; lastKnownFileType = text.plist.xml; path = Info.plist; sourceTree = "<group>"; };
		FC2FD07E2C43C27D0054CD43 /* ConsoleButtonStyle.swift */ = {isa = PBXFileReference; lastKnownFileType = sourcecode.swift; path = ConsoleButtonStyle.swift; sourceTree = "<group>"; };
		FC2FD0862C43E3C60054CD43 /* MainTabView.swift */ = {isa = PBXFileReference; fileEncoding = 4; lastKnownFileType = sourcecode.swift; path = MainTabView.swift; sourceTree = "<group>"; };
		FC2FD0882C43E3DD0054CD43 /* LoginView.swift */ = {isa = PBXFileReference; fileEncoding = 4; lastKnownFileType = sourcecode.swift; path = LoginView.swift; sourceTree = "<group>"; };
		FC2FD08C2C43E4010054CD43 /* SignupView.swift */ = {isa = PBXFileReference; fileEncoding = 4; lastKnownFileType = sourcecode.swift; path = SignupView.swift; sourceTree = "<group>"; };
		FC2FD08E2C4403F50054CD43 /* EnumsModel.swift */ = {isa = PBXFileReference; lastKnownFileType = sourcecode.swift; path = EnumsModel.swift; sourceTree = "<group>"; };
		FC2FD0902C4427530054CD43 /* CustomTextField.swift */ = {isa = PBXFileReference; fileEncoding = 4; lastKnownFileType = sourcecode.swift; path = CustomTextField.swift; sourceTree = "<group>"; };
		FC2FD0922C4427640054CD43 /* CustomButton.swift */ = {isa = PBXFileReference; fileEncoding = 4; lastKnownFileType = sourcecode.swift; path = CustomButton.swift; sourceTree = "<group>"; };
		FC2FD0942C4438F80054CD43 /* GameDetailsView.swift */ = {isa = PBXFileReference; lastKnownFileType = sourcecode.swift; path = GameDetailsView.swift; sourceTree = "<group>"; };
		FC35A2382C3EE1500075E7B4 /* AddScoreVM.swift */ = {isa = PBXFileReference; lastKnownFileType = sourcecode.swift; path = AddScoreVM.swift; sourceTree = "<group>"; };
		FC54459D2C3801F5001B26EF /* AddReviewVM.swift */ = {isa = PBXFileReference; lastKnownFileType = sourcecode.swift; path = AddReviewVM.swift; sourceTree = "<group>"; };
		FC6F73E32C563E8E00E34AF3 /* ShimmerEffect.swift */ = {isa = PBXFileReference; lastKnownFileType = sourcecode.swift; path = ShimmerEffect.swift; sourceTree = "<group>"; };
		FC6F73E72C564C2900E34AF3 /* FontStyles.swift */ = {isa = PBXFileReference; lastKnownFileType = sourcecode.swift; path = FontStyles.swift; sourceTree = "<group>"; };
		FC6F73E92C5650AA00E34AF3 /* VT323.ttf */ = {isa = PBXFileReference; lastKnownFileType = file; path = VT323.ttf; sourceTree = "<group>"; };
		FC7A37022C4525E7004F6910 /* RatingComponent.swift */ = {isa = PBXFileReference; fileEncoding = 4; lastKnownFileType = sourcecode.swift; path = RatingComponent.swift; sourceTree = "<group>"; };
		FC8438F72C4D0F7A00434179 /* EnumTag.swift */ = {isa = PBXFileReference; lastKnownFileType = sourcecode.swift; path = EnumTag.swift; sourceTree = "<group>"; };
		FC8438F92C4D219F00434179 /* AddScoreView.swift */ = {isa = PBXFileReference; fileEncoding = 4; lastKnownFileType = sourcecode.swift; path = AddScoreView.swift; sourceTree = "<group>"; };
		FCA519142C36C18D001CCF54 /* Namespace.swift */ = {isa = PBXFileReference; fileEncoding = 4; lastKnownFileType = sourcecode.swift; path = Namespace.swift; sourceTree = "<group>"; };
		FCA519162C36C191001CCF54 /* UIDevice.swift */ = {isa = PBXFileReference; fileEncoding = 4; lastKnownFileType = sourcecode.swift; path = UIDevice.swift; sourceTree = "<group>"; };
		FCA5191A2C36FDE5001CCF54 /* GameDetailsVM.swift */ = {isa = PBXFileReference; fileEncoding = 4; lastKnownFileType = sourcecode.swift; path = GameDetailsVM.swift; sourceTree = "<group>"; };
		FCA5191C2C3729EE001CCF54 /* ReviewModel.swift */ = {isa = PBXFileReference; lastKnownFileType = sourcecode.swift; path = ReviewModel.swift; sourceTree = "<group>"; };
		FCC036022C480B6400DDBC90 /* GameScoresView.swift */ = {isa = PBXFileReference; lastKnownFileType = sourcecode.swift; path = GameScoresView.swift; sourceTree = "<group>"; };
		FCC046682C52B4D1003FAC6A /* ScoreCell.swift */ = {isa = PBXFileReference; lastKnownFileType = sourcecode.swift; path = ScoreCell.swift; sourceTree = "<group>"; };
		FCC724562C523C5D008C3BC1 /* CameraPicker.swift */ = {isa = PBXFileReference; lastKnownFileType = sourcecode.swift; path = CameraPicker.swift; sourceTree = "<group>"; };
		FCC724592C525CA8008C3BC1 /* ScoreImage.swift */ = {isa = PBXFileReference; lastKnownFileType = sourcecode.swift; path = ScoreImage.swift; sourceTree = "<group>"; };
		FCC7245B2C525EF1008C3BC1 /* UIImage.swift */ = {isa = PBXFileReference; lastKnownFileType = sourcecode.swift; path = UIImage.swift; sourceTree = "<group>"; };
		FCCD736F2C2D88990056036E /* Network.swift */ = {isa = PBXFileReference; lastKnownFileType = sourcecode.swift; path = Network.swift; sourceTree = "<group>"; };
		FCCD73752C2D8E520056036E /* GameModel.swift */ = {isa = PBXFileReference; lastKnownFileType = sourcecode.swift; path = GameModel.swift; sourceTree = "<group>"; };
		FCCD73772C2DDA680056036E /* games.json */ = {isa = PBXFileReference; fileEncoding = 4; lastKnownFileType = text.json; path = games.json; sourceTree = "<group>"; };
		FCCE055F2C2B33F500B0D2CD /* SearchVM.swift */ = {isa = PBXFileReference; lastKnownFileType = sourcecode.swift; path = SearchVM.swift; sourceTree = "<group>"; };
		FCCE05622C2B36ED00B0D2CD /* DataPreview.swift */ = {isa = PBXFileReference; lastKnownFileType = sourcecode.swift; path = DataPreview.swift; sourceTree = "<group>"; };
		FCED20E52C2F1C8900C0C5A1 /* GamesVM.swift */ = {isa = PBXFileReference; lastKnownFileType = sourcecode.swift; path = GamesVM.swift; sourceTree = "<group>"; };
/* End PBXFileReference section */

/* Begin PBXFrameworksBuildPhase section */
		FC22BA592C2590EF002DFAA4 /* Frameworks */ = {
			isa = PBXFrameworksBuildPhase;
			buildActionMask = 2147483647;
			files = (
				FCA519122C36B9CE001CCF54 /* ACNetwork in Frameworks */,
			);
			runOnlyForDeploymentPostprocessing = 0;
		};
		FC22BA692C2590F0002DFAA4 /* Frameworks */ = {
			isa = PBXFrameworksBuildPhase;
			buildActionMask = 2147483647;
			files = (
			);
			runOnlyForDeploymentPostprocessing = 0;
		};
		FC22BA732C2590F0002DFAA4 /* Frameworks */ = {
			isa = PBXFrameworksBuildPhase;
			buildActionMask = 2147483647;
			files = (
			);
			runOnlyForDeploymentPostprocessing = 0;
		};
/* End PBXFrameworksBuildPhase section */

/* Begin PBXGroup section */
		FC0E31BB2C46DDF8004EB339 /* Games */ = {
			isa = PBXGroup;
			children = (
				FC2FD0942C4438F80054CD43 /* GameDetailsView.swift */,
				FC0E31CA2C46F09F004EB339 /* GameAboutView.swift */,
				FCC036022C480B6400DDBC90 /* GameScoresView.swift */,
				FC0E31A92C467FB4004EB339 /* AddReviewView.swift */,
				FC8438F92C4D219F00434179 /* AddScoreView.swift */,
			);
			name = Games;
			sourceTree = "<group>";
		};
		FC22BA532C2590EF002DFAA4 = {
			isa = PBXGroup;
			children = (
				FC22BA5E2C2590EF002DFAA4 /* ArcadeApp */,
				FC22BAB32C25F266002DFAA4 /* Info.plist */,
				FC22BA6F2C2590F0002DFAA4 /* ArcadeAppTests */,
				FC22BA792C2590F0002DFAA4 /* ArcadeAppUITests */,
				FC22BA5D2C2590EF002DFAA4 /* Products */,
			);
			sourceTree = "<group>";
		};
		FC22BA5D2C2590EF002DFAA4 /* Products */ = {
			isa = PBXGroup;
			children = (
				FC22BA5C2C2590EF002DFAA4 /* ArcadeApp.app */,
				FC22BA6C2C2590F0002DFAA4 /* ArcadeAppTests.xctest */,
				FC22BA762C2590F0002DFAA4 /* ArcadeAppUITests.xctest */,
			);
			name = Products;
			sourceTree = "<group>";
		};
		FC22BA5E2C2590EF002DFAA4 /* ArcadeApp */ = {
			isa = PBXGroup;
			children = (
				FC6F73E92C5650AA00E34AF3 /* VT323.ttf */,
				FCCD736B2C2D674B0056036E /* Views */,
				FCCD73692C2D67150056036E /* Components */,
				FCCD736A2C2D67390056036E /* ViewModels */,
				FCCD73682C2D67040056036E /* Network */,
				FC22BA932C2593DA002DFAA4 /* Interface */,
				FCCE055C2C2B31AE00B0D2CD /* Model */,
				FC22BA8E2C25929A002DFAA4 /* Security */,
				FCA519132C36C175001CCF54 /* Extensions */,
				FC22BA892C2591F8002DFAA4 /* System */,
				FC22BA652C2590F0002DFAA4 /* Preview Content */,
			);
			path = ArcadeApp;
			sourceTree = "<group>";
		};
		FC22BA652C2590F0002DFAA4 /* Preview Content */ = {
			isa = PBXGroup;
			children = (
				FCCD73772C2DDA680056036E /* games.json */,
				FCCE05622C2B36ED00B0D2CD /* DataPreview.swift */,
				FC22BA662C2590F0002DFAA4 /* Preview Assets.xcassets */,
			);
			path = "Preview Content";
			sourceTree = "<group>";
		};
		FC22BA6F2C2590F0002DFAA4 /* ArcadeAppTests */ = {
			isa = PBXGroup;
			children = (
				FC22BA702C2590F0002DFAA4 /* ArcadeAppTests.swift */,
			);
			path = ArcadeAppTests;
			sourceTree = "<group>";
		};
		FC22BA792C2590F0002DFAA4 /* ArcadeAppUITests */ = {
			isa = PBXGroup;
			children = (
				FC22BA7A2C2590F0002DFAA4 /* ArcadeAppUITests.swift */,
				FC22BA7C2C2590F0002DFAA4 /* ArcadeAppUITestsLaunchTests.swift */,
			);
			path = ArcadeAppUITests;
			sourceTree = "<group>";
		};
		FC22BA892C2591F8002DFAA4 /* System */ = {
			isa = PBXGroup;
			children = (
				FC22BA5F2C2590EF002DFAA4 /* ArcadeAppApp.swift */,
				FC22BA632C2590F0002DFAA4 /* Assets.xcassets */,
			);
			path = System;
			sourceTree = "<group>";
		};
		FC22BA8E2C25929A002DFAA4 /* Security */ = {
			isa = PBXGroup;
			children = (
				FC22BAAF2C25EEF5002DFAA4 /* SecKeyStore.swift */,
				FC22BAB12C25EF01002DFAA4 /* SecManager.swift */,
			);
			path = Security;
			sourceTree = "<group>";
		};
		FC22BA932C2593DA002DFAA4 /* Interface */ = {
			isa = PBXGroup;
			children = (
				FC22BA942C2593E8002DFAA4 /* URL.swift */,
			);
			path = Interface;
			sourceTree = "<group>";
		};
		FC2BC3022C34807400353D48 /* Home */ = {
			isa = PBXGroup;
			children = (
				FC0E31BE2C46DE59004EB339 /* PageButton.swift */,
				FC0E31C02C46DEAA004EB339 /* GamesCarousel.swift */,
			);
			name = Home;
			sourceTree = "<group>";
		};
		FC2BC3072C34815100353D48 /* Game */ = {
			isa = PBXGroup;
			children = (
				FC0E31C42C46E063004EB339 /* GameCover.swift */,
				FC0E31BC2C46DE24004EB339 /* GameCard.swift */,
				FC0E31C82C46F010004EB339 /* GameDetailsCard.swift */,
				FC8438F72C4D0F7A00434179 /* EnumTag.swift */,
			);
			name = Game;
			sourceTree = "<group>";
		};
		FC2BC30A2C34835100353D48 /* Search */ = {
			isa = PBXGroup;
			children = (
				FC2FD07E2C43C27D0054CD43 /* ConsoleButtonStyle.swift */,
			);
			name = Search;
			sourceTree = "<group>";
		};
		FCA519132C36C175001CCF54 /* Extensions */ = {
			isa = PBXGroup;
			children = (
				FCA519162C36C191001CCF54 /* UIDevice.swift */,
				FCA519142C36C18D001CCF54 /* Namespace.swift */,
				FCC7245B2C525EF1008C3BC1 /* UIImage.swift */,
				FC6F73E72C564C2900E34AF3 /* FontStyles.swift */,
			);
			path = Extensions;
			sourceTree = "<group>";
		};
		FCC0466A2C52B571003FAC6A /* Review */ = {
			isa = PBXGroup;
			children = (
				FC0E31CC2C46F0D0004EB339 /* ReviewCell.swift */,
				FC7A37022C4525E7004F6910 /* RatingComponent.swift */,
			);
			name = Review;
			sourceTree = "<group>";
		};
		FCC724582C525C88008C3BC1 /* Score */ = {
			isa = PBXGroup;
			children = (
				FCC724562C523C5D008C3BC1 /* CameraPicker.swift */,
				FCC724592C525CA8008C3BC1 /* ScoreImage.swift */,
				FCC046682C52B4D1003FAC6A /* ScoreCell.swift */,
			);
			name = Score;
			sourceTree = "<group>";
		};
		FCCD73682C2D67040056036E /* Network */ = {
			isa = PBXGroup;
			children = (
				FCCD736F2C2D88990056036E /* Network.swift */,
			);
			path = Network;
			sourceTree = "<group>";
		};
		FCCD73692C2D67150056036E /* Components */ = {
			isa = PBXGroup;
			children = (
				FC6F73E32C563E8E00E34AF3 /* ShimmerEffect.swift */,
				FC2FD0922C4427640054CD43 /* CustomButton.swift */,
				FC2FD0902C4427530054CD43 /* CustomTextField.swift */,
				FC2BC3022C34807400353D48 /* Home */,
				FC2BC30A2C34835100353D48 /* Search */,
				FC2BC3072C34815100353D48 /* Game */,
				FCC0466A2C52B571003FAC6A /* Review */,
				FCC724582C525C88008C3BC1 /* Score */,
			);
			path = Components;
			sourceTree = "<group>";
		};
		FCCD736A2C2D67390056036E /* ViewModels */ = {
			isa = PBXGroup;
			children = (
				FC22BA9F2C2595FF002DFAA4 /* UserVM.swift */,
				FCED20E52C2F1C8900C0C5A1 /* GamesVM.swift */,
				FCA5191A2C36FDE5001CCF54 /* GameDetailsVM.swift */,
				FCCE055F2C2B33F500B0D2CD /* SearchVM.swift */,
				FC54459D2C3801F5001B26EF /* AddReviewVM.swift */,
				FC35A2382C3EE1500075E7B4 /* AddScoreVM.swift */,
			);
			path = ViewModels;
			sourceTree = "<group>";
		};
		FCCD736B2C2D674B0056036E /* Views */ = {
			isa = PBXGroup;
			children = (
				FC22BA612C2590EF002DFAA4 /* ContentView.swift */,
				FC2FD0862C43E3C60054CD43 /* MainTabView.swift */,
				FC0E31B92C46DCFB004EB339 /* MainView.swift */,
				FCCD736E2C2D67930056036E /* Home */,
				FC0E31BB2C46DDF8004EB339 /* Games */,
				FCCD736C2C2D67550056036E /* Users */,
				FCCD736D2C2D67750056036E /* Search */,
			);
			path = Views;
			sourceTree = "<group>";
		};
		FCCD736C2C2D67550056036E /* Users */ = {
			isa = PBXGroup;
			children = (
				FC2FD0882C43E3DD0054CD43 /* LoginView.swift */,
				FC2FD08C2C43E4010054CD43 /* SignupView.swift */,
				FC0E31B32C46879B004EB339 /* ProfileView.swift */,
			);
			name = Users;
			sourceTree = "<group>";
		};
		FCCD736D2C2D67750056036E /* Search */ = {
			isa = PBXGroup;
			children = (
				FC14731D2C5110CC00B1BE27 /* SearchView.swift */,
				FC0E31C22C46E005004EB339 /* GameListView.swift */,
			);
			name = Search;
			sourceTree = "<group>";
		};
		FCCD736E2C2D67930056036E /* Home */ = {
			isa = PBXGroup;
			children = (
				FC0E31AD2C46877D004EB339 /* HomeView.swift */,
			);
			name = Home;
			sourceTree = "<group>";
		};
		FCCE055C2C2B31AE00B0D2CD /* Model */ = {
			isa = PBXGroup;
			children = (
				FC22BA8C2C259255002DFAA4 /* UserModel.swift */,
				FCCD73752C2D8E520056036E /* GameModel.swift */,
				FCA5191C2C3729EE001CCF54 /* ReviewModel.swift */,
				FC2FD08E2C4403F50054CD43 /* EnumsModel.swift */,
				FC0E31CE2C46F1C6004EB339 /* ModelViews.swift */,
				FC14731F2C5183C100B1BE27 /* ScoreModel.swift */,
			);
			path = Model;
			sourceTree = "<group>";
		};
/* End PBXGroup section */

/* Begin PBXNativeTarget section */
		FC22BA5B2C2590EF002DFAA4 /* ArcadeApp */ = {
			isa = PBXNativeTarget;
			buildConfigurationList = FC22BA802C2590F0002DFAA4 /* Build configuration list for PBXNativeTarget "ArcadeApp" */;
			buildPhases = (
				FC22BA582C2590EF002DFAA4 /* Sources */,
				FC22BA592C2590EF002DFAA4 /* Frameworks */,
				FC22BA5A2C2590EF002DFAA4 /* Resources */,
			);
			buildRules = (
			);
			dependencies = (
			);
			name = ArcadeApp;
			packageProductDependencies = (
				FCA519112C36B9CE001CCF54 /* ACNetwork */,
			);
			productName = ArcadeApp;
			productReference = FC22BA5C2C2590EF002DFAA4 /* ArcadeApp.app */;
			productType = "com.apple.product-type.application";
		};
		FC22BA6B2C2590F0002DFAA4 /* ArcadeAppTests */ = {
			isa = PBXNativeTarget;
			buildConfigurationList = FC22BA832C2590F0002DFAA4 /* Build configuration list for PBXNativeTarget "ArcadeAppTests" */;
			buildPhases = (
				FC22BA682C2590F0002DFAA4 /* Sources */,
				FC22BA692C2590F0002DFAA4 /* Frameworks */,
				FC22BA6A2C2590F0002DFAA4 /* Resources */,
			);
			buildRules = (
			);
			dependencies = (
				FC22BA6E2C2590F0002DFAA4 /* PBXTargetDependency */,
			);
			name = ArcadeAppTests;
			productName = ArcadeAppTests;
			productReference = FC22BA6C2C2590F0002DFAA4 /* ArcadeAppTests.xctest */;
			productType = "com.apple.product-type.bundle.unit-test";
		};
		FC22BA752C2590F0002DFAA4 /* ArcadeAppUITests */ = {
			isa = PBXNativeTarget;
			buildConfigurationList = FC22BA862C2590F0002DFAA4 /* Build configuration list for PBXNativeTarget "ArcadeAppUITests" */;
			buildPhases = (
				FC22BA722C2590F0002DFAA4 /* Sources */,
				FC22BA732C2590F0002DFAA4 /* Frameworks */,
				FC22BA742C2590F0002DFAA4 /* Resources */,
			);
			buildRules = (
			);
			dependencies = (
				FC22BA782C2590F0002DFAA4 /* PBXTargetDependency */,
			);
			name = ArcadeAppUITests;
			productName = ArcadeAppUITests;
			productReference = FC22BA762C2590F0002DFAA4 /* ArcadeAppUITests.xctest */;
			productType = "com.apple.product-type.bundle.ui-testing";
		};
/* End PBXNativeTarget section */

/* Begin PBXProject section */
		FC22BA542C2590EF002DFAA4 /* Project object */ = {
			isa = PBXProject;
			attributes = {
				BuildIndependentTargetsInParallel = 1;
				LastSwiftUpdateCheck = 1540;
				LastUpgradeCheck = 1540;
				TargetAttributes = {
					FC22BA5B2C2590EF002DFAA4 = {
						CreatedOnToolsVersion = 15.4;
					};
					FC22BA6B2C2590F0002DFAA4 = {
						CreatedOnToolsVersion = 15.4;
						TestTargetID = FC22BA5B2C2590EF002DFAA4;
					};
					FC22BA752C2590F0002DFAA4 = {
						CreatedOnToolsVersion = 15.4;
						TestTargetID = FC22BA5B2C2590EF002DFAA4;
					};
				};
			};
			buildConfigurationList = FC22BA572C2590EF002DFAA4 /* Build configuration list for PBXProject "ArcadeApp" */;
			compatibilityVersion = "Xcode 14.0";
			developmentRegion = en;
			hasScannedForEncodings = 0;
			knownRegions = (
				en,
				Base,
			);
			mainGroup = FC22BA532C2590EF002DFAA4;
			packageReferences = (
				FCA519102C36B9CE001CCF54 /* XCRemoteSwiftPackageReference "ACNetwork-Bootcamp2024" */,
			);
			productRefGroup = FC22BA5D2C2590EF002DFAA4 /* Products */;
			projectDirPath = "";
			projectRoot = "";
			targets = (
				FC22BA5B2C2590EF002DFAA4 /* ArcadeApp */,
				FC22BA6B2C2590F0002DFAA4 /* ArcadeAppTests */,
				FC22BA752C2590F0002DFAA4 /* ArcadeAppUITests */,
			);
		};
/* End PBXProject section */

/* Begin PBXResourcesBuildPhase section */
		FC22BA5A2C2590EF002DFAA4 /* Resources */ = {
			isa = PBXResourcesBuildPhase;
			buildActionMask = 2147483647;
			files = (
				FCCD73782C2DDA680056036E /* games.json in Resources */,
				FC22BA672C2590F0002DFAA4 /* Preview Assets.xcassets in Resources */,
				FC22BA642C2590F0002DFAA4 /* Assets.xcassets in Resources */,
				FC6F73EA2C5650AA00E34AF3 /* VT323.ttf in Resources */,
			);
			runOnlyForDeploymentPostprocessing = 0;
		};
		FC22BA6A2C2590F0002DFAA4 /* Resources */ = {
			isa = PBXResourcesBuildPhase;
			buildActionMask = 2147483647;
			files = (
			);
			runOnlyForDeploymentPostprocessing = 0;
		};
		FC22BA742C2590F0002DFAA4 /* Resources */ = {
			isa = PBXResourcesBuildPhase;
			buildActionMask = 2147483647;
			files = (
			);
			runOnlyForDeploymentPostprocessing = 0;
		};
/* End PBXResourcesBuildPhase section */

/* Begin PBXSourcesBuildPhase section */
		FC22BA582C2590EF002DFAA4 /* Sources */ = {
			isa = PBXSourcesBuildPhase;
			buildActionMask = 2147483647;
			files = (
				FC2FD0912C4427530054CD43 /* CustomTextField.swift in Sources */,
				FCC036032C480B6400DDBC90 /* GameScoresView.swift in Sources */,
				FC22BA8D2C259255002DFAA4 /* UserModel.swift in Sources */,
				FC2FD0932C4427640054CD43 /* CustomButton.swift in Sources */,
				FC6F73E42C563E8E00E34AF3 /* ShimmerEffect.swift in Sources */,
				FC2FD07F2C43C27D0054CD43 /* ConsoleButtonStyle.swift in Sources */,
				FC8438FA2C4D219F00434179 /* AddScoreView.swift in Sources */,
				FC0E31C12C46DEAA004EB339 /* GamesCarousel.swift in Sources */,
				FC22BAB02C25EEF5002DFAA4 /* SecKeyStore.swift in Sources */,
				FC8438F82C4D0F7A00434179 /* EnumTag.swift in Sources */,
				FCC7245C2C525EF1008C3BC1 /* UIImage.swift in Sources */,
				FC2FD0872C43E3C60054CD43 /* MainTabView.swift in Sources */,
				FC14731E2C5110CC00B1BE27 /* SearchView.swift in Sources */,
				FC2FD08F2C4403F50054CD43 /* EnumsModel.swift in Sources */,
				FC0E31BA2C46DCFB004EB339 /* MainView.swift in Sources */,
				FC2FD0892C43E3DD0054CD43 /* LoginView.swift in Sources */,
				FC2FD08D2C43E4010054CD43 /* SignupView.swift in Sources */,
				FC1473202C5183C100B1BE27 /* ScoreModel.swift in Sources */,
				FCCD73762C2D8E520056036E /* GameModel.swift in Sources */,
				FC0E31CD2C46F0D0004EB339 /* ReviewCell.swift in Sources */,
				FCCE05602C2B33F600B0D2CD /* SearchVM.swift in Sources */,
				FC22BA622C2590EF002DFAA4 /* ContentView.swift in Sources */,
				FCA5191B2C36FDE5001CCF54 /* GameDetailsVM.swift in Sources */,
				FC35A2392C3EE1500075E7B4 /* AddScoreVM.swift in Sources */,
				FCC724572C523C5D008C3BC1 /* CameraPicker.swift in Sources */,
				FC54459E2C3801F5001B26EF /* AddReviewVM.swift in Sources */,
				FC6F73E82C564C2900E34AF3 /* FontStyles.swift in Sources */,
				FC0E31C92C46F010004EB339 /* GameDetailsCard.swift in Sources */,
				FC2FD0952C4438F80054CD43 /* GameDetailsView.swift in Sources */,
				FC0E31CF2C46F1C6004EB339 /* ModelViews.swift in Sources */,
				FC0E31BD2C46DE24004EB339 /* GameCard.swift in Sources */,
				FC22BAA02C2595FF002DFAA4 /* UserVM.swift in Sources */,
				FC22BA602C2590EF002DFAA4 /* ArcadeAppApp.swift in Sources */,
				FCCE05632C2B36ED00B0D2CD /* DataPreview.swift in Sources */,
				FCC7245A2C525CA8008C3BC1 /* ScoreImage.swift in Sources */,
				FCA519152C36C18D001CCF54 /* Namespace.swift in Sources */,
				FC22BAB22C25EF01002DFAA4 /* SecManager.swift in Sources */,
				FCA5191D2C3729EE001CCF54 /* ReviewModel.swift in Sources */,
				FCC046692C52B4D1003FAC6A /* ScoreCell.swift in Sources */,
				FCED20E62C2F1C8900C0C5A1 /* GamesVM.swift in Sources */,
				FCA519172C36C191001CCF54 /* UIDevice.swift in Sources */,
				FC22BA952C2593E8002DFAA4 /* URL.swift in Sources */,
				FC0E31B42C46879B004EB339 /* ProfileView.swift in Sources */,
				FC0E31AA2C467FB4004EB339 /* AddReviewView.swift in Sources */,
				FC0E31BF2C46DE59004EB339 /* PageButton.swift in Sources */,
				FC0E31CB2C46F09F004EB339 /* GameAboutView.swift in Sources */,
				FC7A37032C4525E7004F6910 /* RatingComponent.swift in Sources */,
				FC0E31C52C46E063004EB339 /* GameCover.swift in Sources */,
				FCCD73702C2D88990056036E /* Network.swift in Sources */,
				FC0E31C32C46E005004EB339 /* GameListView.swift in Sources */,
				FC0E31AE2C46877D004EB339 /* HomeView.swift in Sources */,
			);
			runOnlyForDeploymentPostprocessing = 0;
		};
		FC22BA682C2590F0002DFAA4 /* Sources */ = {
			isa = PBXSourcesBuildPhase;
			buildActionMask = 2147483647;
			files = (
				FC22BA712C2590F0002DFAA4 /* ArcadeAppTests.swift in Sources */,
			);
			runOnlyForDeploymentPostprocessing = 0;
		};
		FC22BA722C2590F0002DFAA4 /* Sources */ = {
			isa = PBXSourcesBuildPhase;
			buildActionMask = 2147483647;
			files = (
				FC22BA7D2C2590F0002DFAA4 /* ArcadeAppUITestsLaunchTests.swift in Sources */,
				FC22BA7B2C2590F0002DFAA4 /* ArcadeAppUITests.swift in Sources */,
			);
			runOnlyForDeploymentPostprocessing = 0;
		};
/* End PBXSourcesBuildPhase section */

/* Begin PBXTargetDependency section */
		FC22BA6E2C2590F0002DFAA4 /* PBXTargetDependency */ = {
			isa = PBXTargetDependency;
			target = FC22BA5B2C2590EF002DFAA4 /* ArcadeApp */;
			targetProxy = FC22BA6D2C2590F0002DFAA4 /* PBXContainerItemProxy */;
		};
		FC22BA782C2590F0002DFAA4 /* PBXTargetDependency */ = {
			isa = PBXTargetDependency;
			target = FC22BA5B2C2590EF002DFAA4 /* ArcadeApp */;
			targetProxy = FC22BA772C2590F0002DFAA4 /* PBXContainerItemProxy */;
		};
/* End PBXTargetDependency section */

/* Begin XCBuildConfiguration section */
		FC22BA7E2C2590F0002DFAA4 /* Debug */ = {
			isa = XCBuildConfiguration;
			buildSettings = {
				ALWAYS_SEARCH_USER_PATHS = NO;
				ASSETCATALOG_COMPILER_GENERATE_SWIFT_ASSET_SYMBOL_EXTENSIONS = YES;
				CLANG_ANALYZER_NONNULL = YES;
				CLANG_ANALYZER_NUMBER_OBJECT_CONVERSION = YES_AGGRESSIVE;
				CLANG_CXX_LANGUAGE_STANDARD = "gnu++20";
				CLANG_ENABLE_MODULES = YES;
				CLANG_ENABLE_OBJC_ARC = YES;
				CLANG_ENABLE_OBJC_WEAK = YES;
				CLANG_WARN_BLOCK_CAPTURE_AUTORELEASING = YES;
				CLANG_WARN_BOOL_CONVERSION = YES;
				CLANG_WARN_COMMA = YES;
				CLANG_WARN_CONSTANT_CONVERSION = YES;
				CLANG_WARN_DEPRECATED_OBJC_IMPLEMENTATIONS = YES;
				CLANG_WARN_DIRECT_OBJC_ISA_USAGE = YES_ERROR;
				CLANG_WARN_DOCUMENTATION_COMMENTS = YES;
				CLANG_WARN_EMPTY_BODY = YES;
				CLANG_WARN_ENUM_CONVERSION = YES;
				CLANG_WARN_INFINITE_RECURSION = YES;
				CLANG_WARN_INT_CONVERSION = YES;
				CLANG_WARN_NON_LITERAL_NULL_CONVERSION = YES;
				CLANG_WARN_OBJC_IMPLICIT_RETAIN_SELF = YES;
				CLANG_WARN_OBJC_LITERAL_CONVERSION = YES;
				CLANG_WARN_OBJC_ROOT_CLASS = YES_ERROR;
				CLANG_WARN_QUOTED_INCLUDE_IN_FRAMEWORK_HEADER = YES;
				CLANG_WARN_RANGE_LOOP_ANALYSIS = YES;
				CLANG_WARN_STRICT_PROTOTYPES = YES;
				CLANG_WARN_SUSPICIOUS_MOVE = YES;
				CLANG_WARN_UNGUARDED_AVAILABILITY = YES_AGGRESSIVE;
				CLANG_WARN_UNREACHABLE_CODE = YES;
				CLANG_WARN__DUPLICATE_METHOD_MATCH = YES;
				COPY_PHASE_STRIP = NO;
				DEBUG_INFORMATION_FORMAT = dwarf;
				ENABLE_STRICT_OBJC_MSGSEND = YES;
				ENABLE_TESTABILITY = YES;
				ENABLE_USER_SCRIPT_SANDBOXING = YES;
				GCC_C_LANGUAGE_STANDARD = gnu17;
				GCC_DYNAMIC_NO_PIC = NO;
				GCC_NO_COMMON_BLOCKS = YES;
				GCC_OPTIMIZATION_LEVEL = 0;
				GCC_PREPROCESSOR_DEFINITIONS = (
					"DEBUG=1",
					"$(inherited)",
				);
				GCC_WARN_64_TO_32_BIT_CONVERSION = YES;
				GCC_WARN_ABOUT_RETURN_TYPE = YES_ERROR;
				GCC_WARN_UNDECLARED_SELECTOR = YES;
				GCC_WARN_UNINITIALIZED_AUTOS = YES_AGGRESSIVE;
				GCC_WARN_UNUSED_FUNCTION = YES;
				GCC_WARN_UNUSED_VARIABLE = YES;
				IPHONEOS_DEPLOYMENT_TARGET = 17.5;
				LOCALIZATION_PREFERS_STRING_CATALOGS = YES;
				MTL_ENABLE_DEBUG_INFO = INCLUDE_SOURCE;
				MTL_FAST_MATH = YES;
				ONLY_ACTIVE_ARCH = YES;
				SDKROOT = iphoneos;
				SWIFT_ACTIVE_COMPILATION_CONDITIONS = "DEBUG $(inherited)";
				SWIFT_OPTIMIZATION_LEVEL = "-Onone";
			};
			name = Debug;
		};
		FC22BA7F2C2590F0002DFAA4 /* Release */ = {
			isa = XCBuildConfiguration;
			buildSettings = {
				ALWAYS_SEARCH_USER_PATHS = NO;
				ASSETCATALOG_COMPILER_GENERATE_SWIFT_ASSET_SYMBOL_EXTENSIONS = YES;
				CLANG_ANALYZER_NONNULL = YES;
				CLANG_ANALYZER_NUMBER_OBJECT_CONVERSION = YES_AGGRESSIVE;
				CLANG_CXX_LANGUAGE_STANDARD = "gnu++20";
				CLANG_ENABLE_MODULES = YES;
				CLANG_ENABLE_OBJC_ARC = YES;
				CLANG_ENABLE_OBJC_WEAK = YES;
				CLANG_WARN_BLOCK_CAPTURE_AUTORELEASING = YES;
				CLANG_WARN_BOOL_CONVERSION = YES;
				CLANG_WARN_COMMA = YES;
				CLANG_WARN_CONSTANT_CONVERSION = YES;
				CLANG_WARN_DEPRECATED_OBJC_IMPLEMENTATIONS = YES;
				CLANG_WARN_DIRECT_OBJC_ISA_USAGE = YES_ERROR;
				CLANG_WARN_DOCUMENTATION_COMMENTS = YES;
				CLANG_WARN_EMPTY_BODY = YES;
				CLANG_WARN_ENUM_CONVERSION = YES;
				CLANG_WARN_INFINITE_RECURSION = YES;
				CLANG_WARN_INT_CONVERSION = YES;
				CLANG_WARN_NON_LITERAL_NULL_CONVERSION = YES;
				CLANG_WARN_OBJC_IMPLICIT_RETAIN_SELF = YES;
				CLANG_WARN_OBJC_LITERAL_CONVERSION = YES;
				CLANG_WARN_OBJC_ROOT_CLASS = YES_ERROR;
				CLANG_WARN_QUOTED_INCLUDE_IN_FRAMEWORK_HEADER = YES;
				CLANG_WARN_RANGE_LOOP_ANALYSIS = YES;
				CLANG_WARN_STRICT_PROTOTYPES = YES;
				CLANG_WARN_SUSPICIOUS_MOVE = YES;
				CLANG_WARN_UNGUARDED_AVAILABILITY = YES_AGGRESSIVE;
				CLANG_WARN_UNREACHABLE_CODE = YES;
				CLANG_WARN__DUPLICATE_METHOD_MATCH = YES;
				COPY_PHASE_STRIP = NO;
				DEBUG_INFORMATION_FORMAT = "dwarf-with-dsym";
				ENABLE_NS_ASSERTIONS = NO;
				ENABLE_STRICT_OBJC_MSGSEND = YES;
				ENABLE_USER_SCRIPT_SANDBOXING = YES;
				GCC_C_LANGUAGE_STANDARD = gnu17;
				GCC_NO_COMMON_BLOCKS = YES;
				GCC_WARN_64_TO_32_BIT_CONVERSION = YES;
				GCC_WARN_ABOUT_RETURN_TYPE = YES_ERROR;
				GCC_WARN_UNDECLARED_SELECTOR = YES;
				GCC_WARN_UNINITIALIZED_AUTOS = YES_AGGRESSIVE;
				GCC_WARN_UNUSED_FUNCTION = YES;
				GCC_WARN_UNUSED_VARIABLE = YES;
				IPHONEOS_DEPLOYMENT_TARGET = 17.5;
				LOCALIZATION_PREFERS_STRING_CATALOGS = YES;
				MTL_ENABLE_DEBUG_INFO = NO;
				MTL_FAST_MATH = YES;
				SDKROOT = iphoneos;
				SWIFT_COMPILATION_MODE = wholemodule;
				VALIDATE_PRODUCT = YES;
			};
			name = Release;
		};
		FC22BA812C2590F0002DFAA4 /* Debug */ = {
			isa = XCBuildConfiguration;
			buildSettings = {
				ASSETCATALOG_COMPILER_APPICON_NAME = AppIcon;
				ASSETCATALOG_COMPILER_GLOBAL_ACCENT_COLOR_NAME = AccentColor;
				CODE_SIGN_STYLE = Automatic;
				CURRENT_PROJECT_VERSION = 1;
				DEVELOPMENT_ASSET_PATHS = "ArcadeApp/Preview\\ Content ArcadeApp/Preview\\ Content/Preview\\ Assets.xcassets";
				DEVELOPMENT_TEAM = NHXG9GL4YK;
				ENABLE_PREVIEWS = YES;
				GENERATE_INFOPLIST_FILE = YES;
				INFOPLIST_FILE = ArcadeApp/Info.plist;
				INFOPLIST_KEY_NSCameraUsageDescription = "Usar la camara para capturar la puntuacion";
				INFOPLIST_KEY_UIApplicationSceneManifest_Generation = YES;
				INFOPLIST_KEY_UIApplicationSupportsIndirectInputEvents = YES;
				INFOPLIST_KEY_UILaunchScreen_Generation = YES;
				INFOPLIST_KEY_UISupportedInterfaceOrientations = UIInterfaceOrientationPortrait;
				INFOPLIST_KEY_UISupportedInterfaceOrientations_iPad = "UIInterfaceOrientationLandscapeLeft UIInterfaceOrientationLandscapeRight UIInterfaceOrientationPortrait UIInterfaceOrientationPortraitUpsideDown";
				LD_RUNPATH_SEARCH_PATHS = (
					"$(inherited)",
					"@executable_path/Frameworks",
				);
				MARKETING_VERSION = 1.0;
				PRODUCT_BUNDLE_IDENTIFIER = com.gabrielgarcia.ArcadeApp;
				PRODUCT_NAME = "$(TARGET_NAME)";
				SWIFT_EMIT_LOC_STRINGS = YES;
				SWIFT_VERSION = 5.0;
				TARGETED_DEVICE_FAMILY = "1,2";
			};
			name = Debug;
		};
		FC22BA822C2590F0002DFAA4 /* Release */ = {
			isa = XCBuildConfiguration;
			buildSettings = {
				ASSETCATALOG_COMPILER_APPICON_NAME = AppIcon;
				ASSETCATALOG_COMPILER_GLOBAL_ACCENT_COLOR_NAME = AccentColor;
				CODE_SIGN_STYLE = Automatic;
				CURRENT_PROJECT_VERSION = 1;
				DEVELOPMENT_ASSET_PATHS = "ArcadeApp/Preview\\ Content ArcadeApp/Preview\\ Content/Preview\\ Assets.xcassets";
				DEVELOPMENT_TEAM = NHXG9GL4YK;
				ENABLE_PREVIEWS = YES;
				GENERATE_INFOPLIST_FILE = YES;
				INFOPLIST_FILE = ArcadeApp/Info.plist;
				INFOPLIST_KEY_NSCameraUsageDescription = "Usar la camara para capturar la puntuacion";
				INFOPLIST_KEY_UIApplicationSceneManifest_Generation = YES;
				INFOPLIST_KEY_UIApplicationSupportsIndirectInputEvents = YES;
				INFOPLIST_KEY_UILaunchScreen_Generation = YES;
				INFOPLIST_KEY_UISupportedInterfaceOrientations = UIInterfaceOrientationPortrait;
				INFOPLIST_KEY_UISupportedInterfaceOrientations_iPad = "UIInterfaceOrientationLandscapeLeft UIInterfaceOrientationLandscapeRight UIInterfaceOrientationPortrait UIInterfaceOrientationPortraitUpsideDown";
				LD_RUNPATH_SEARCH_PATHS = (
					"$(inherited)",
					"@executable_path/Frameworks",
				);
				MARKETING_VERSION = 1.0;
				PRODUCT_BUNDLE_IDENTIFIER = com.gabrielgarcia.ArcadeApp;
				PRODUCT_NAME = "$(TARGET_NAME)";
				SWIFT_EMIT_LOC_STRINGS = YES;
				SWIFT_VERSION = 5.0;
				TARGETED_DEVICE_FAMILY = "1,2";
			};
			name = Release;
		};
		FC22BA842C2590F0002DFAA4 /* Debug */ = {
			isa = XCBuildConfiguration;
			buildSettings = {
				ALWAYS_EMBED_SWIFT_STANDARD_LIBRARIES = YES;
				BUNDLE_LOADER = "$(TEST_HOST)";
				CODE_SIGN_STYLE = Automatic;
				CURRENT_PROJECT_VERSION = 1;
				DEVELOPMENT_TEAM = NHXG9GL4YK;
				GENERATE_INFOPLIST_FILE = YES;
				IPHONEOS_DEPLOYMENT_TARGET = 17.5;
				MARKETING_VERSION = 1.0;
				PRODUCT_BUNDLE_IDENTIFIER = com.gabrielgarcia.ArcadeAppTests;
				PRODUCT_NAME = "$(TARGET_NAME)";
				SWIFT_EMIT_LOC_STRINGS = NO;
				SWIFT_VERSION = 5.0;
				TARGETED_DEVICE_FAMILY = "1,2";
				TEST_HOST = "$(BUILT_PRODUCTS_DIR)/ArcadeApp.app/$(BUNDLE_EXECUTABLE_FOLDER_PATH)/ArcadeApp";
			};
			name = Debug;
		};
		FC22BA852C2590F0002DFAA4 /* Release */ = {
			isa = XCBuildConfiguration;
			buildSettings = {
				ALWAYS_EMBED_SWIFT_STANDARD_LIBRARIES = YES;
				BUNDLE_LOADER = "$(TEST_HOST)";
				CODE_SIGN_STYLE = Automatic;
				CURRENT_PROJECT_VERSION = 1;
				DEVELOPMENT_TEAM = NHXG9GL4YK;
				GENERATE_INFOPLIST_FILE = YES;
				IPHONEOS_DEPLOYMENT_TARGET = 17.5;
				MARKETING_VERSION = 1.0;
				PRODUCT_BUNDLE_IDENTIFIER = com.gabrielgarcia.ArcadeAppTests;
				PRODUCT_NAME = "$(TARGET_NAME)";
				SWIFT_EMIT_LOC_STRINGS = NO;
				SWIFT_VERSION = 5.0;
				TARGETED_DEVICE_FAMILY = "1,2";
				TEST_HOST = "$(BUILT_PRODUCTS_DIR)/ArcadeApp.app/$(BUNDLE_EXECUTABLE_FOLDER_PATH)/ArcadeApp";
			};
			name = Release;
		};
		FC22BA872C2590F0002DFAA4 /* Debug */ = {
			isa = XCBuildConfiguration;
			buildSettings = {
				ALWAYS_EMBED_SWIFT_STANDARD_LIBRARIES = YES;
				CODE_SIGN_STYLE = Automatic;
				CURRENT_PROJECT_VERSION = 1;
				DEVELOPMENT_TEAM = NHXG9GL4YK;
				GENERATE_INFOPLIST_FILE = YES;
				MARKETING_VERSION = 1.0;
				PRODUCT_BUNDLE_IDENTIFIER = com.gabrielgarcia.ArcadeAppUITests;
				PRODUCT_NAME = "$(TARGET_NAME)";
				SWIFT_EMIT_LOC_STRINGS = NO;
				SWIFT_VERSION = 5.0;
				TARGETED_DEVICE_FAMILY = "1,2";
				TEST_TARGET_NAME = ArcadeApp;
			};
			name = Debug;
		};
		FC22BA882C2590F0002DFAA4 /* Release */ = {
			isa = XCBuildConfiguration;
			buildSettings = {
				ALWAYS_EMBED_SWIFT_STANDARD_LIBRARIES = YES;
				CODE_SIGN_STYLE = Automatic;
				CURRENT_PROJECT_VERSION = 1;
				DEVELOPMENT_TEAM = NHXG9GL4YK;
				GENERATE_INFOPLIST_FILE = YES;
				MARKETING_VERSION = 1.0;
				PRODUCT_BUNDLE_IDENTIFIER = com.gabrielgarcia.ArcadeAppUITests;
				PRODUCT_NAME = "$(TARGET_NAME)";
				SWIFT_EMIT_LOC_STRINGS = NO;
				SWIFT_VERSION = 5.0;
				TARGETED_DEVICE_FAMILY = "1,2";
				TEST_TARGET_NAME = ArcadeApp;
			};
			name = Release;
		};
/* End XCBuildConfiguration section */

/* Begin XCConfigurationList section */
		FC22BA572C2590EF002DFAA4 /* Build configuration list for PBXProject "ArcadeApp" */ = {
			isa = XCConfigurationList;
			buildConfigurations = (
				FC22BA7E2C2590F0002DFAA4 /* Debug */,
				FC22BA7F2C2590F0002DFAA4 /* Release */,
			);
			defaultConfigurationIsVisible = 0;
			defaultConfigurationName = Release;
		};
		FC22BA802C2590F0002DFAA4 /* Build configuration list for PBXNativeTarget "ArcadeApp" */ = {
			isa = XCConfigurationList;
			buildConfigurations = (
				FC22BA812C2590F0002DFAA4 /* Debug */,
				FC22BA822C2590F0002DFAA4 /* Release */,
			);
			defaultConfigurationIsVisible = 0;
			defaultConfigurationName = Release;
		};
		FC22BA832C2590F0002DFAA4 /* Build configuration list for PBXNativeTarget "ArcadeAppTests" */ = {
			isa = XCConfigurationList;
			buildConfigurations = (
				FC22BA842C2590F0002DFAA4 /* Debug */,
				FC22BA852C2590F0002DFAA4 /* Release */,
			);
			defaultConfigurationIsVisible = 0;
			defaultConfigurationName = Release;
		};
		FC22BA862C2590F0002DFAA4 /* Build configuration list for PBXNativeTarget "ArcadeAppUITests" */ = {
			isa = XCConfigurationList;
			buildConfigurations = (
				FC22BA872C2590F0002DFAA4 /* Debug */,
				FC22BA882C2590F0002DFAA4 /* Release */,
			);
			defaultConfigurationIsVisible = 0;
			defaultConfigurationName = Release;
		};
/* End XCConfigurationList section */

/* Begin XCRemoteSwiftPackageReference section */
		FCA519102C36B9CE001CCF54 /* XCRemoteSwiftPackageReference "ACNetwork-Bootcamp2024" */ = {
			isa = XCRemoteSwiftPackageReference;
			repositoryURL = "https://github.com/applecodingacademy/ACNetwork-Bootcamp2024";
			requirement = {
				kind = upToNextMajorVersion;
				minimumVersion = 1.0.15;
			};
		};
/* End XCRemoteSwiftPackageReference section */

/* Begin XCSwiftPackageProductDependency section */
		FCA519112C36B9CE001CCF54 /* ACNetwork */ = {
			isa = XCSwiftPackageProductDependency;
			package = FCA519102C36B9CE001CCF54 /* XCRemoteSwiftPackageReference "ACNetwork-Bootcamp2024" */;
			productName = ACNetwork;
		};
/* End XCSwiftPackageProductDependency section */
	};
	rootObject = FC22BA542C2590EF002DFAA4 /* Project object */;
}
